
Microsoft Visual Studio Solution File, Format Version 12.00
# Visual Studio 15
VisualStudioVersion = 15.0.28010.2041
MinimumVisualStudioVersion = 10.0.40219.1
Project("{FAE04EC0-301F-11D3-BF4B-00C04F79EFBC}") = "AnimalShelter", "AnimalShelter\AnimalShelter.csproj", "{8C09CEFA-7DDE-4A0C-A6F7-DAD4960D24B4}"
EndProject
Global
	GlobalSection(SolutionConfigurationPlatforms) = preSolution
		Debug|Any CPU = Debug|Any CPU
		Release|Any CPU = Release|Any CPU
	EndGlobalSection
	GlobalSection(ProjectConfigurationPlatforms) = postSolution
		{8C09CEFA-7DDE-4A0C-A6F7-DAD4960D24B4}.Debug|Any CPU.ActiveCfg = Debug|Any CPU
		{8C09CEFA-7DDE-4A0C-A6F7-DAD4960D24B4}.Debug|Any CPU.Build.0 = Debug|Any CPU
		{8C09CEFA-7DDE-4A0C-A6F7-DAD4960D24B4}.Release|Any CPU.ActiveCfg = Release|Any CPU
		{8C09CEFA-7DDE-4A0C-A6F7-DAD4960D24B4}.Release|Any CPU.Build.0 = Release|Any CPU
	EndGlobalSection
	GlobalSection(SolutionProperties) = preSolution
		HideSolutionNode = FALSE
	EndGlobalSection
	GlobalSection(ExtensibilityGlobals) = postSolution
		SolutionGuid = {C607B477-78B5-4279-A4E5-92D539B38825}
	EndGlobalSection
EndGlobal
