
Microsoft Visual Studio Solution File, Format Version 12.00
# Visual Studio 15
VisualStudioVersion = 15.0.28010.2041
MinimumVisualStudioVersion = 10.0.40219.1
Project("{FAE04EC0-301F-11D3-BF4B-00C04F79EFBC}") = "multiBracketValidation", "multiBracketValidation\multiBracketValidation.csproj", "{CD562A4A-486E-43DC-AA8E-59F70D8B8545}"
EndProject
Project("{FAE04EC0-301F-11D3-BF4B-00C04F79EFBC}") = "XUnitTestProject1", "XUnitTestProject1\XUnitTestProject1.csproj", "{ED6BA42C-BE3E-44BB-8BF3-594C49C9EAB1}"
EndProject
Global
	GlobalSection(SolutionConfigurationPlatforms) = preSolution
		Debug|Any CPU = Debug|Any CPU
		Release|Any CPU = Release|Any CPU
	EndGlobalSection
	GlobalSection(ProjectConfigurationPlatforms) = postSolution
		{CD562A4A-486E-43DC-AA8E-59F70D8B8545}.Debug|Any CPU.ActiveCfg = Debug|Any CPU
		{CD562A4A-486E-43DC-AA8E-59F70D8B8545}.Debug|Any CPU.Build.0 = Debug|Any CPU
		{CD562A4A-486E-43DC-AA8E-59F70D8B8545}.Release|Any CPU.ActiveCfg = Release|Any CPU
		{CD562A4A-486E-43DC-AA8E-59F70D8B8545}.Release|Any CPU.Build.0 = Release|Any CPU
		{ED6BA42C-BE3E-44BB-8BF3-594C49C9EAB1}.Debug|Any CPU.ActiveCfg = Debug|Any CPU
		{ED6BA42C-BE3E-44BB-8BF3-594C49C9EAB1}.Debug|Any CPU.Build.0 = Debug|Any CPU
		{ED6BA42C-BE3E-44BB-8BF3-594C49C9EAB1}.Release|Any CPU.ActiveCfg = Release|Any CPU
		{ED6BA42C-BE3E-44BB-8BF3-594C49C9EAB1}.Release|Any CPU.Build.0 = Release|Any CPU
	EndGlobalSection
	GlobalSection(SolutionProperties) = preSolution
		HideSolutionNode = FALSE
	EndGlobalSection
	GlobalSection(ExtensibilityGlobals) = postSolution
		SolutionGuid = {51D7B2EB-8E60-456C-A80B-C4211AC8A4FE}
	EndGlobalSection
EndGlobal
